// !$*UTF8*$!
{
	archiveVersion = 1;
	classes = {
	};
	objectVersion = 50;
	objects = {

/* Begin PBXBuildFile section */
		55A047CF21B7D53B009FF4D0 /* Assets.xcassets in Resources */ = {isa = PBXBuildFile; fileRef = 55A047CE21B7D53B009FF4D0 /* Assets.xcassets */; };
		55EC1E9321B78FEC00A1293C /* StickAR StickerPackExtension.appex in Embed App Extensions */ = {isa = PBXBuildFile; fileRef = 55EC1E9221B78FEC00A1293C /* StickAR StickerPackExtension.appex */; settings = {ATTRIBUTES = (RemoveHeadersOnCopy, ); }; };
		55EC1E9721B78FED00A1293C /* Stickers.xcstickers in Resources */ = {isa = PBXBuildFile; fileRef = 55EC1E9621B78FED00A1293C /* Stickers.xcstickers */; };
		55EC1E9821B78FED00A1293C /* Stickers.xcstickers in Resources */ = {isa = PBXBuildFile; fileRef = 55EC1E9621B78FED00A1293C /* Stickers.xcstickers */; };
		55EC1EB521B79F6E00A1293C /* Icon-App-76x76@2x.png in Resources */ = {isa = PBXBuildFile; fileRef = 55EC1EA521B79F6E00A1293C /* Icon-App-76x76@2x.png */; };
		55EC1EB621B79F6E00A1293C /* Icon-App-29x29@1x.png in Resources */ = {isa = PBXBuildFile; fileRef = 55EC1EA621B79F6E00A1293C /* Icon-App-29x29@1x.png */; };
		55EC1EB721B79F6E00A1293C /* Icon-App-40x40@1x.png in Resources */ = {isa = PBXBuildFile; fileRef = 55EC1EA721B79F6E00A1293C /* Icon-App-40x40@1x.png */; };
		55EC1EB821B79F6E00A1293C /* Icon-App-20x20@1x.png in Resources */ = {isa = PBXBuildFile; fileRef = 55EC1EA821B79F6E00A1293C /* Icon-App-20x20@1x.png */; };
		55EC1EB921B79F6E00A1293C /* Icon-App-83.5x83.5@2x.png in Resources */ = {isa = PBXBuildFile; fileRef = 55EC1EA921B79F6E00A1293C /* Icon-App-83.5x83.5@2x.png */; };
		55EC1EBA21B79F6E00A1293C /* Icon-App-20x20@3x.png in Resources */ = {isa = PBXBuildFile; fileRef = 55EC1EAA21B79F6E00A1293C /* Icon-App-20x20@3x.png */; };
		55EC1EBB21B79F6E00A1293C /* ItunesArtwork@2x.png in Resources */ = {isa = PBXBuildFile; fileRef = 55EC1EAB21B79F6E00A1293C /* ItunesArtwork@2x.png */; };
		55EC1EBC21B79F6E00A1293C /* Contents.json in Resources */ = {isa = PBXBuildFile; fileRef = 55EC1EAC21B79F6E00A1293C /* Contents.json */; };
		55EC1EBD21B79F6E00A1293C /* Icon-App-20x20@2x.png in Resources */ = {isa = PBXBuildFile; fileRef = 55EC1EAD21B79F6E00A1293C /* Icon-App-20x20@2x.png */; };
		55EC1EBE21B79F6E00A1293C /* Icon-App-29x29@3x.png in Resources */ = {isa = PBXBuildFile; fileRef = 55EC1EAE21B79F6E00A1293C /* Icon-App-29x29@3x.png */; };
		55EC1EBF21B79F6E00A1293C /* Icon-App-40x40@2x.png in Resources */ = {isa = PBXBuildFile; fileRef = 55EC1EAF21B79F6E00A1293C /* Icon-App-40x40@2x.png */; };
		55EC1EC021B79F6E00A1293C /* Icon-App-60x60@3x.png in Resources */ = {isa = PBXBuildFile; fileRef = 55EC1EB021B79F6E00A1293C /* Icon-App-60x60@3x.png */; };
		55EC1EC121B79F6E00A1293C /* Icon-App-60x60@2x.png in Resources */ = {isa = PBXBuildFile; fileRef = 55EC1EB121B79F6E00A1293C /* Icon-App-60x60@2x.png */; };
		55EC1EC221B79F6E00A1293C /* Icon-App-76x76@1x.png in Resources */ = {isa = PBXBuildFile; fileRef = 55EC1EB221B79F6E00A1293C /* Icon-App-76x76@1x.png */; };
		55EC1EC321B79F6E00A1293C /* Icon-App-40x40@3x.png in Resources */ = {isa = PBXBuildFile; fileRef = 55EC1EB321B79F6E00A1293C /* Icon-App-40x40@3x.png */; };
		55EC1EC421B79F6E00A1293C /* Icon-App-29x29@2x.png in Resources */ = {isa = PBXBuildFile; fileRef = 55EC1EB421B79F6E00A1293C /* Icon-App-29x29@2x.png */; };
/* End PBXBuildFile section */

/* Begin PBXContainerItemProxy section */
		55EC1E9421B78FEC00A1293C /* PBXContainerItemProxy */ = {
			isa = PBXContainerItemProxy;
			containerPortal = 55EC1E8821B78FEC00A1293C /* Project object */;
			proxyType = 1;
			remoteGlobalIDString = 55EC1E9121B78FEC00A1293C;
			remoteInfo = "StickAR StickerPackExtension";
		};
/* End PBXContainerItemProxy section */

/* Begin PBXCopyFilesBuildPhase section */
		55EC1E9E21B78FED00A1293C /* Embed App Extensions */ = {
			isa = PBXCopyFilesBuildPhase;
			buildActionMask = 2147483647;
			dstPath = "";
			dstSubfolderSpec = 13;
			files = (
				55EC1E9321B78FEC00A1293C /* StickAR StickerPackExtension.appex in Embed App Extensions */,
			);
			name = "Embed App Extensions";
			runOnlyForDeploymentPostprocessing = 0;
		};
/* End PBXCopyFilesBuildPhase section */

/* Begin PBXFileReference section */
		55A047CE21B7D53B009FF4D0 /* Assets.xcassets */ = {isa = PBXFileReference; lastKnownFileType = folder.assetcatalog; path = Assets.xcassets; sourceTree = "<group>"; };
		55EC1E8E21B78FEC00A1293C /* StickAR.app */ = {isa = PBXFileReference; explicitFileType = wrapper.application; includeInIndex = 0; path = StickAR.app; sourceTree = BUILT_PRODUCTS_DIR; };
		55EC1E9221B78FEC00A1293C /* StickAR StickerPackExtension.appex */ = {isa = PBXFileReference; explicitFileType = "wrapper.app-extension"; includeInIndex = 0; path = "StickAR StickerPackExtension.appex"; sourceTree = BUILT_PRODUCTS_DIR; };
		55EC1E9621B78FED00A1293C /* Stickers.xcstickers */ = {isa = PBXFileReference; lastKnownFileType = folder.stickers; name = Stickers.xcstickers; path = "StickAR StickerPackExtension/Stickers.xcstickers"; sourceTree = "<group>"; };
		55EC1EA521B79F6E00A1293C /* Icon-App-76x76@2x.png */ = {isa = PBXFileReference; lastKnownFileType = image.png; path = "Icon-App-76x76@2x.png"; sourceTree = "<group>"; };
		55EC1EA621B79F6E00A1293C /* Icon-App-29x29@1x.png */ = {isa = PBXFileReference; lastKnownFileType = image.png; path = "Icon-App-29x29@1x.png"; sourceTree = "<group>"; };
		55EC1EA721B79F6E00A1293C /* Icon-App-40x40@1x.png */ = {isa = PBXFileReference; lastKnownFileType = image.png; path = "Icon-App-40x40@1x.png"; sourceTree = "<group>"; };
		55EC1EA821B79F6E00A1293C /* Icon-App-20x20@1x.png */ = {isa = PBXFileReference; lastKnownFileType = image.png; path = "Icon-App-20x20@1x.png"; sourceTree = "<group>"; };
		55EC1EA921B79F6E00A1293C /* Icon-App-83.5x83.5@2x.png */ = {isa = PBXFileReference; lastKnownFileType = image.png; path = "Icon-App-83.5x83.5@2x.png"; sourceTree = "<group>"; };
		55EC1EAA21B79F6E00A1293C /* Icon-App-20x20@3x.png */ = {isa = PBXFileReference; lastKnownFileType = image.png; path = "Icon-App-20x20@3x.png"; sourceTree = "<group>"; };
		55EC1EAB21B79F6E00A1293C /* ItunesArtwork@2x.png */ = {isa = PBXFileReference; lastKnownFileType = image.png; path = "ItunesArtwork@2x.png"; sourceTree = "<group>"; };
		55EC1EAC21B79F6E00A1293C /* Contents.json */ = {isa = PBXFileReference; fileEncoding = 4; lastKnownFileType = text.json; path = Contents.json; sourceTree = "<group>"; };
		55EC1EAD21B79F6E00A1293C /* Icon-App-20x20@2x.png */ = {isa = PBXFileReference; lastKnownFileType = image.png; path = "Icon-App-20x20@2x.png"; sourceTree = "<group>"; };
		55EC1EAE21B79F6E00A1293C /* Icon-App-29x29@3x.png */ = {isa = PBXFileReference; lastKnownFileType = image.png; path = "Icon-App-29x29@3x.png"; sourceTree = "<group>"; };
		55EC1EAF21B79F6E00A1293C /* Icon-App-40x40@2x.png */ = {isa = PBXFileReference; lastKnownFileType = image.png; path = "Icon-App-40x40@2x.png"; sourceTree = "<group>"; };
		55EC1EB021B79F6E00A1293C /* Icon-App-60x60@3x.png */ = {isa = PBXFileReference; lastKnownFileType = image.png; path = "Icon-App-60x60@3x.png"; sourceTree = "<group>"; };
		55EC1EB121B79F6E00A1293C /* Icon-App-60x60@2x.png */ = {isa = PBXFileReference; lastKnownFileType = image.png; path = "Icon-App-60x60@2x.png"; sourceTree = "<group>"; };
		55EC1EB221B79F6E00A1293C /* Icon-App-76x76@1x.png */ = {isa = PBXFileReference; lastKnownFileType = image.png; path = "Icon-App-76x76@1x.png"; sourceTree = "<group>"; };
		55EC1EB321B79F6E00A1293C /* Icon-App-40x40@3x.png */ = {isa = PBXFileReference; lastKnownFileType = image.png; path = "Icon-App-40x40@3x.png"; sourceTree = "<group>"; };
		55EC1EB421B79F6E00A1293C /* Icon-App-29x29@2x.png */ = {isa = PBXFileReference; lastKnownFileType = image.png; path = "Icon-App-29x29@2x.png"; sourceTree = "<group>"; };
/* End PBXFileReference section */

/* Begin PBXGroup section */
		55EC1E8721B78FEC00A1293C = {
			isa = PBXGroup;
			children = (
				55A047CE21B7D53B009FF4D0 /* Assets.xcassets */,
				55EC1EA421B79F6E00A1293C /* AppIcon.appiconset */,
				55EC1E9621B78FED00A1293C /* Stickers.xcstickers */,
				55EC1E8F21B78FEC00A1293C /* Products */,
			);
			sourceTree = "<group>";
		};
		55EC1E8F21B78FEC00A1293C /* Products */ = {
			isa = PBXGroup;
			children = (
				55EC1E8E21B78FEC00A1293C /* StickAR.app */,
				55EC1E9221B78FEC00A1293C /* StickAR StickerPackExtension.appex */,
			);
			name = Products;
			sourceTree = "<group>";
		};
		55EC1EA421B79F6E00A1293C /* AppIcon.appiconset */ = {
			isa = PBXGroup;
			children = (
				55EC1EA521B79F6E00A1293C /* Icon-App-76x76@2x.png */,
				55EC1EA621B79F6E00A1293C /* Icon-App-29x29@1x.png */,
				55EC1EA721B79F6E00A1293C /* Icon-App-40x40@1x.png */,
				55EC1EA821B79F6E00A1293C /* Icon-App-20x20@1x.png */,
				55EC1EA921B79F6E00A1293C /* Icon-App-83.5x83.5@2x.png */,
				55EC1EAA21B79F6E00A1293C /* Icon-App-20x20@3x.png */,
				55EC1EAB21B79F6E00A1293C /* ItunesArtwork@2x.png */,
				55EC1EAC21B79F6E00A1293C /* Contents.json */,
				55EC1EAD21B79F6E00A1293C /* Icon-App-20x20@2x.png */,
				55EC1EAE21B79F6E00A1293C /* Icon-App-29x29@3x.png */,
				55EC1EAF21B79F6E00A1293C /* Icon-App-40x40@2x.png */,
				55EC1EB021B79F6E00A1293C /* Icon-App-60x60@3x.png */,
				55EC1EB121B79F6E00A1293C /* Icon-App-60x60@2x.png */,
				55EC1EB221B79F6E00A1293C /* Icon-App-76x76@1x.png */,
				55EC1EB321B79F6E00A1293C /* Icon-App-40x40@3x.png */,
				55EC1EB421B79F6E00A1293C /* Icon-App-29x29@2x.png */,
			);
			path = AppIcon.appiconset;
			sourceTree = "<group>";
		};
/* End PBXGroup section */

/* Begin PBXNativeTarget section */
		55EC1E8D21B78FEC00A1293C /* StickAR */ = {
			isa = PBXNativeTarget;
			buildConfigurationList = 55EC1E9F21B78FED00A1293C /* Build configuration list for PBXNativeTarget "StickAR" */;
			buildPhases = (
				55EC1E8C21B78FEC00A1293C /* Resources */,
				55EC1E9E21B78FED00A1293C /* Embed App Extensions */,
			);
			buildRules = (
			);
			dependencies = (
				55EC1E9521B78FEC00A1293C /* PBXTargetDependency */,
			);
			name = StickAR;
			productName = StickAR;
			productReference = 55EC1E8E21B78FEC00A1293C /* StickAR.app */;
			productType = "com.apple.product-type.application.messages";
		};
		55EC1E9121B78FEC00A1293C /* StickAR StickerPackExtension */ = {
			isa = PBXNativeTarget;
			buildConfigurationList = 55EC1E9B21B78FED00A1293C /* Build configuration list for PBXNativeTarget "StickAR StickerPackExtension" */;
			buildPhases = (
				55EC1E9021B78FEC00A1293C /* Resources */,
			);
			buildRules = (
			);
			dependencies = (
			);
			name = "StickAR StickerPackExtension";
			productName = "StickAR StickerPackExtension";
			productReference = 55EC1E9221B78FEC00A1293C /* StickAR StickerPackExtension.appex */;
			productType = "com.apple.product-type.app-extension.messages-sticker-pack";
		};
/* End PBXNativeTarget section */

/* Begin PBXProject section */
		55EC1E8821B78FEC00A1293C /* Project object */ = {
			isa = PBXProject;
			attributes = {
				LastUpgradeCheck = 1010;
				ORGANIZATIONNAME = SLim;
				TargetAttributes = {
					55EC1E8D21B78FEC00A1293C = {
						CreatedOnToolsVersion = 10.1;
					};
					55EC1E9121B78FEC00A1293C = {
						CreatedOnToolsVersion = 10.1;
					};
				};
			};
			buildConfigurationList = 55EC1E8B21B78FEC00A1293C /* Build configuration list for PBXProject "StickAR" */;
			compatibilityVersion = "Xcode 9.3";
			developmentRegion = en;
			hasScannedForEncodings = 0;
			knownRegions = (
				en,
			);
			mainGroup = 55EC1E8721B78FEC00A1293C;
			productRefGroup = 55EC1E8F21B78FEC00A1293C /* Products */;
			projectDirPath = "";
			projectRoot = "";
			targets = (
				55EC1E8D21B78FEC00A1293C /* StickAR */,
				55EC1E9121B78FEC00A1293C /* StickAR StickerPackExtension */,
			);
		};
/* End PBXProject section */

/* Begin PBXResourcesBuildPhase section */
		55EC1E8C21B78FEC00A1293C /* Resources */ = {
			isa = PBXResourcesBuildPhase;
			buildActionMask = 2147483647;
			files = (
				55EC1EB721B79F6E00A1293C /* Icon-App-40x40@1x.png in Resources */,
				55EC1EB921B79F6E00A1293C /* Icon-App-83.5x83.5@2x.png in Resources */,
				55EC1EBA21B79F6E00A1293C /* Icon-App-20x20@3x.png in Resources */,
				55EC1E9821B78FED00A1293C /* Stickers.xcstickers in Resources */,
				55EC1EBE21B79F6E00A1293C /* Icon-App-29x29@3x.png in Resources */,
				55EC1EC121B79F6E00A1293C /* Icon-App-60x60@2x.png in Resources */,
				55EC1EC221B79F6E00A1293C /* Icon-App-76x76@1x.png in Resources */,
				55EC1EC421B79F6E00A1293C /* Icon-App-29x29@2x.png in Resources */,
				55EC1EBC21B79F6E00A1293C /* Contents.json in Resources */,
				55EC1EB521B79F6E00A1293C /* Icon-App-76x76@2x.png in Resources */,
				55EC1EB621B79F6E00A1293C /* Icon-App-29x29@1x.png in Resources */,
				55EC1EBD21B79F6E00A1293C /* Icon-App-20x20@2x.png in Resources */,
				55EC1EB821B79F6E00A1293C /* Icon-App-20x20@1x.png in Resources */,
				55EC1EC321B79F6E00A1293C /* Icon-App-40x40@3x.png in Resources */,
				55EC1EC021B79F6E00A1293C /* Icon-App-60x60@3x.png in Resources */,
				55EC1EBF21B79F6E00A1293C /* Icon-App-40x40@2x.png in Resources */,
				55A047CF21B7D53B009FF4D0 /* Assets.xcassets in Resources */,
				55EC1EBB21B79F6E00A1293C /* ItunesArtwork@2x.png in Resources */,
			);
			runOnlyForDeploymentPostprocessing = 0;
		};
		55EC1E9021B78FEC00A1293C /* Resources */ = {
			isa = PBXResourcesBuildPhase;
			buildActionMask = 2147483647;
			files = (
				55EC1E9721B78FED00A1293C /* Stickers.xcstickers in Resources */,
			);
			runOnlyForDeploymentPostprocessing = 0;
		};
/* End PBXResourcesBuildPhase section */

/* Begin PBXTargetDependency section */
		55EC1E9521B78FEC00A1293C /* PBXTargetDependency */ = {
			isa = PBXTargetDependency;
			target = 55EC1E9121B78FEC00A1293C /* StickAR StickerPackExtension */;
			targetProxy = 55EC1E9421B78FEC00A1293C /* PBXContainerItemProxy */;
		};
/* End PBXTargetDependency section */

/* Begin XCBuildConfiguration section */
		55EC1E9921B78FED00A1293C /* Debug */ = {
			isa = XCBuildConfiguration;
			buildSettings = {
				ALWAYS_SEARCH_USER_PATHS = NO;
				CLANG_ANALYZER_NONNULL = YES;
				CLANG_ANALYZER_NUMBER_OBJECT_CONVERSION = YES_AGGRESSIVE;
				CLANG_CXX_LANGUAGE_STANDARD = "gnu++14";
				CLANG_CXX_LIBRARY = "libc++";
				CLANG_ENABLE_MODULES = YES;
				CLANG_ENABLE_OBJC_ARC = YES;
				CLANG_ENABLE_OBJC_WEAK = YES;
				CLANG_WARN_BLOCK_CAPTURE_AUTORELEASING = YES;
				CLANG_WARN_BOOL_CONVERSION = YES;
				CLANG_WARN_COMMA = YES;
				CLANG_WARN_CONSTANT_CONVERSION = YES;
				CLANG_WARN_DEPRECATED_OBJC_IMPLEMENTATIONS = YES;
				CLANG_WARN_DIRECT_OBJC_ISA_USAGE = YES_ERROR;
				CLANG_WARN_DOCUMENTATION_COMMENTS = YES;
				CLANG_WARN_EMPTY_BODY = YES;
				CLANG_WARN_ENUM_CONVERSION = YES;
				CLANG_WARN_INFINITE_RECURSION = YES;
				CLANG_WARN_INT_CONVERSION = YES;
				CLANG_WARN_NON_LITERAL_NULL_CONVERSION = YES;
				CLANG_WARN_OBJC_IMPLICIT_RETAIN_SELF = YES;
				CLANG_WARN_OBJC_LITERAL_CONVERSION = YES;
				CLANG_WARN_OBJC_ROOT_CLASS = YES_ERROR;
				CLANG_WARN_RANGE_LOOP_ANALYSIS = YES;
				CLANG_WARN_STRICT_PROTOTYPES = YES;
				CLANG_WARN_SUSPICIOUS_MOVE = YES;
				CLANG_WARN_UNGUARDED_AVAILABILITY = YES_AGGRESSIVE;
				CLANG_WARN_UNREACHABLE_CODE = YES;
				CLANG_WARN__DUPLICATE_METHOD_MATCH = YES;
				CODE_SIGN_IDENTITY = "iPhone Developer";
				COPY_PHASE_STRIP = NO;
				DEBUG_INFORMATION_FORMAT = dwarf;
				ENABLE_STRICT_OBJC_MSGSEND = YES;
				ENABLE_TESTABILITY = YES;
				GCC_C_LANGUAGE_STANDARD = gnu11;
				GCC_DYNAMIC_NO_PIC = NO;
				GCC_NO_COMMON_BLOCKS = YES;
				GCC_OPTIMIZATION_LEVEL = 0;
				GCC_PREPROCESSOR_DEFINITIONS = (
					"DEBUG=1",
					"$(inherited)",
				);
				GCC_WARN_64_TO_32_BIT_CONVERSION = YES;
				GCC_WARN_ABOUT_RETURN_TYPE = YES_ERROR;
				GCC_WARN_UNDECLARED_SELECTOR = YES;
				GCC_WARN_UNINITIALIZED_AUTOS = YES_AGGRESSIVE;
				GCC_WARN_UNUSED_FUNCTION = YES;
				GCC_WARN_UNUSED_VARIABLE = YES;
				IPHONEOS_DEPLOYMENT_TARGET = 12.1;
				MTL_ENABLE_DEBUG_INFO = INCLUDE_SOURCE;
				MTL_FAST_MATH = YES;
				ONLY_ACTIVE_ARCH = YES;
				SDKROOT = iphoneos;
			};
			name = Debug;
		};
		55EC1E9A21B78FED00A1293C /* Release */ = {
			isa = XCBuildConfiguration;
			buildSettings = {
				ALWAYS_SEARCH_USER_PATHS = NO;
				CLANG_ANALYZER_NONNULL = YES;
				CLANG_ANALYZER_NUMBER_OBJECT_CONVERSION = YES_AGGRESSIVE;
				CLANG_CXX_LANGUAGE_STANDARD = "gnu++14";
				CLANG_CXX_LIBRARY = "libc++";
				CLANG_ENABLE_MODULES = YES;
				CLANG_ENABLE_OBJC_ARC = YES;
				CLANG_ENABLE_OBJC_WEAK = YES;
				CLANG_WARN_BLOCK_CAPTURE_AUTORELEASING = YES;
				CLANG_WARN_BOOL_CONVERSION = YES;
				CLANG_WARN_COMMA = YES;
				CLANG_WARN_CONSTANT_CONVERSION = YES;
				CLANG_WARN_DEPRECATED_OBJC_IMPLEMENTATIONS = YES;
				CLANG_WARN_DIRECT_OBJC_ISA_USAGE = YES_ERROR;
				CLANG_WARN_DOCUMENTATION_COMMENTS = YES;
				CLANG_WARN_EMPTY_BODY = YES;
				CLANG_WARN_ENUM_CONVERSION = YES;
				CLANG_WARN_INFINITE_RECURSION = YES;
				CLANG_WARN_INT_CONVERSION = YES;
				CLANG_WARN_NON_LITERAL_NULL_CONVERSION = YES;
				CLANG_WARN_OBJC_IMPLICIT_RETAIN_SELF = YES;
				CLANG_WARN_OBJC_LITERAL_CONVERSION = YES;
				CLANG_WARN_OBJC_ROOT_CLASS = YES_ERROR;
				CLANG_WARN_RANGE_LOOP_ANALYSIS = YES;
				CLANG_WARN_STRICT_PROTOTYPES = YES;
				CLANG_WARN_SUSPICIOUS_MOVE = YES;
				CLANG_WARN_UNGUARDED_AVAILABILITY = YES_AGGRESSIVE;
				CLANG_WARN_UNREACHABLE_CODE = YES;
				CLANG_WARN__DUPLICATE_METHOD_MATCH = YES;
				CODE_SIGN_IDENTITY = "iPhone Developer";
				COPY_PHASE_STRIP = NO;
				DEBUG_INFORMATION_FORMAT = "dwarf-with-dsym";
				ENABLE_NS_ASSERTIONS = NO;
				ENABLE_STRICT_OBJC_MSGSEND = YES;
				GCC_C_LANGUAGE_STANDARD = gnu11;
				GCC_NO_COMMON_BLOCKS = YES;
				GCC_WARN_64_TO_32_BIT_CONVERSION = YES;
				GCC_WARN_ABOUT_RETURN_TYPE = YES_ERROR;
				GCC_WARN_UNDECLARED_SELECTOR = YES;
				GCC_WARN_UNINITIALIZED_AUTOS = YES_AGGRESSIVE;
				GCC_WARN_UNUSED_FUNCTION = YES;
				GCC_WARN_UNUSED_VARIABLE = YES;
				IPHONEOS_DEPLOYMENT_TARGET = 12.1;
				MTL_ENABLE_DEBUG_INFO = NO;
				MTL_FAST_MATH = YES;
				SDKROOT = iphoneos;
				VALIDATE_PRODUCT = YES;
			};
			name = Release;
		};
		55EC1E9C21B78FED00A1293C /* Debug */ = {
			isa = XCBuildConfiguration;
			buildSettings = {
				ASSETCATALOG_COMPILER_APPICON_NAME = "iMessage App Icon";
				CODE_SIGN_STYLE = Automatic;
				DEVELOPMENT_TEAM = 835HC59RFV;
				INFOPLIST_FILE = "StickAR StickerPackExtension/Info.plist";
				IPHONEOS_DEPLOYMENT_TARGET = 10.0;
				PRODUCT_BUNDLE_IDENTIFIER = StickAR.StickerPackExtension;
				PRODUCT_NAME = "$(TARGET_NAME)";
				SKIP_INSTALL = YES;
				TARGETED_DEVICE_FAMILY = "1,2";
			};
			name = Debug;
		};
		55EC1E9D21B78FED00A1293C /* Release */ = {
			isa = XCBuildConfiguration;
			buildSettings = {
				ASSETCATALOG_COMPILER_APPICON_NAME = "iMessage App Icon";
				CODE_SIGN_STYLE = Automatic;
				DEVELOPMENT_TEAM = 835HC59RFV;
				INFOPLIST_FILE = "StickAR StickerPackExtension/Info.plist";
				IPHONEOS_DEPLOYMENT_TARGET = 10.0;
				PRODUCT_BUNDLE_IDENTIFIER = StickAR.StickerPackExtension;
				PRODUCT_NAME = "$(TARGET_NAME)";
				SKIP_INSTALL = YES;
				TARGETED_DEVICE_FAMILY = "1,2";
			};
			name = Release;
		};
		55EC1EA021B78FED00A1293C /* Debug */ = {
			isa = XCBuildConfiguration;
			buildSettings = {
				ASSETCATALOG_COMPILER_APPICON_NAME = "iMessage App Icon";
				CODE_SIGN_STYLE = Automatic;
				DEVELOPMENT_TEAM = 835HC59RFV;
				INFOPLIST_FILE = StickAR/Info.plist;
				IPHONEOS_DEPLOYMENT_TARGET = 10.0;
				PRODUCT_BUNDLE_IDENTIFIER = StickAR;
				PRODUCT_NAME = "$(TARGET_NAME)";
				TARGETED_DEVICE_FAMILY = "1,2";
			};
			name = Debug;
		};
		55EC1EA121B78FED00A1293C /* Release */ = {
			isa = XCBuildConfiguration;
			buildSettings = {
				ASSETCATALOG_COMPILER_APPICON_NAME = "iMessage App Icon";
				CODE_SIGN_STYLE = Automatic;
				DEVELOPMENT_TEAM = 835HC59RFV;
				INFOPLIST_FILE = StickAR/Info.plist;
				IPHONEOS_DEPLOYMENT_TARGET = 10.0;
				PRODUCT_BUNDLE_IDENTIFIER = StickAR;
				PRODUCT_NAME = "$(TARGET_NAME)";
				TARGETED_DEVICE_FAMILY = "1,2";
			};
			name = Release;
		};
/* End XCBuildConfiguration section */

/* Begin XCConfigurationList section */
		55EC1E8B21B78FEC00A1293C /* Build configuration list for PBXProject "StickAR" */ = {
			isa = XCConfigurationList;
			buildConfigurations = (
				55EC1E9921B78FED00A1293C /* Debug */,
				55EC1E9A21B78FED00A1293C /* Release */,
			);
			defaultConfigurationIsVisible = 0;
			defaultConfigurationName = Release;
		};
		55EC1E9B21B78FED00A1293C /* Build configuration list for PBXNativeTarget "StickAR StickerPackExtension" */ = {
			isa = XCConfigurationList;
			buildConfigurations = (
				55EC1E9C21B78FED00A1293C /* Debug */,
				55EC1E9D21B78FED00A1293C /* Release */,
			);
			defaultConfigurationIsVisible = 0;
			defaultConfigurationName = Release;
		};
		55EC1E9F21B78FED00A1293C /* Build configuration list for PBXNativeTarget "StickAR" */ = {
			isa = XCConfigurationList;
			buildConfigurations = (
				55EC1EA021B78FED00A1293C /* Debug */,
				55EC1EA121B78FED00A1293C /* Release */,
			);
			defaultConfigurationIsVisible = 0;
			defaultConfigurationName = Release;
		};
/* End XCConfigurationList section */
	};
	rootObject = 55EC1E8821B78FEC00A1293C /* Project object */;
}
